
Microsoft Visual Studio Solution File, Format Version 12.00
# Visual Studio Version 17
VisualStudioVersion = 17.2.32616.157
MinimumVisualStudioVersion = 10.0.40219.1
Project("{9A19103F-16F7-4668-BE54-9A1E7A4F7556}") = "PowRxVar", "Libs\PowRxVar\PowRxVar.csproj", "{95A58203-460A-4633-8431-925AF28BF257}"
EndProject
Project("{2150E333-8FDC-42A3-9474-1A3956D46DE8}") = "Tests", "Tests", "{1E0628A1-FD8C-4438-8DFD-959377762CBD}"
EndProject
Project("{9A19103F-16F7-4668-BE54-9A1E7A4F7556}") = "PowRxVar.Tests", "Tests\PowRxVar.Tests\PowRxVar.Tests.csproj", "{164FA9EB-6D17-4127-93B3-7E52841F8BBE}"
EndProject
Project("{2150E333-8FDC-42A3-9474-1A3956D46DE8}") = "Libs", "Libs", "{13EB51D5-EC12-4148-A299-845BB80B7D15}"
EndProject
Project("{2150E333-8FDC-42A3-9474-1A3956D46DE8}") = "Solution Items", "Solution Items", "{2D285F49-470A-4B22-800B-4CECA22C43B8}"
	ProjectSection(SolutionItems) = preProject
		.gitignore = .gitignore
		Directory.Build.props = Directory.Build.props
		License.txt = License.txt
		README.md = README.md
	EndProjectSection
EndProject
Project("{9A19103F-16F7-4668-BE54-9A1E7A4F7556}") = "PowRxVar.WinForms", "Libs\PowRxVar.WinForms\PowRxVar.WinForms.csproj", "{7C60A96C-47EA-4D9A-94E3-8DA03E51DB88}"
EndProject
Project("{2150E333-8FDC-42A3-9474-1A3956D46DE8}") = "Demos", "Demos", "{D03020B9-A479-4FD2-9321-5CC5D09B7618}"
EndProject
Project("{9A19103F-16F7-4668-BE54-9A1E7A4F7556}") = "RxWinFormsDemo", "Demos\RxWinFormsDemo\RxWinFormsDemo.csproj", "{3DAD2074-F383-4A3E-BE4E-DBFEB87CCFCD}"
EndProject
Project("{2150E333-8FDC-42A3-9474-1A3956D46DE8}") = "Playgrounds", "Playgrounds", "{9A71D85A-3ED4-42D9-BE28-73C61CB55509}"
EndProject
Project("{9A19103F-16F7-4668-BE54-9A1E7A4F7556}") = "DllAnalyzer", "Playgrounds\DllAnalyzer\DllAnalyzer.csproj", "{1E9ACBBC-4535-4024-B042-B4B0B1ADAF82}"
EndProject
Project("{FAE04EC0-301F-11D3-BF4B-00C04F79EFBC}") = "PowRxVar.Maybe", "Libs\PowRxVar.Maybe\PowRxVar.Maybe.csproj", "{76E2D6C6-732E-4DE8-8400-7B73801E85FC}"
EndProject
Global
	GlobalSection(SolutionConfigurationPlatforms) = preSolution
		Debug|Any CPU = Debug|Any CPU
		Release|Any CPU = Release|Any CPU
	EndGlobalSection
	GlobalSection(ProjectConfigurationPlatforms) = postSolution
		{95A58203-460A-4633-8431-925AF28BF257}.Debug|Any CPU.ActiveCfg = Debug|Any CPU
		{95A58203-460A-4633-8431-925AF28BF257}.Debug|Any CPU.Build.0 = Debug|Any CPU
		{95A58203-460A-4633-8431-925AF28BF257}.Release|Any CPU.ActiveCfg = Release|Any CPU
		{95A58203-460A-4633-8431-925AF28BF257}.Release|Any CPU.Build.0 = Release|Any CPU
		{164FA9EB-6D17-4127-93B3-7E52841F8BBE}.Debug|Any CPU.ActiveCfg = Debug|Any CPU
		{164FA9EB-6D17-4127-93B3-7E52841F8BBE}.Debug|Any CPU.Build.0 = Debug|Any CPU
		{164FA9EB-6D17-4127-93B3-7E52841F8BBE}.Release|Any CPU.ActiveCfg = Release|Any CPU
		{164FA9EB-6D17-4127-93B3-7E52841F8BBE}.Release|Any CPU.Build.0 = Release|Any CPU
		{7C60A96C-47EA-4D9A-94E3-8DA03E51DB88}.Debug|Any CPU.ActiveCfg = Debug|Any CPU
		{7C60A96C-47EA-4D9A-94E3-8DA03E51DB88}.Debug|Any CPU.Build.0 = Debug|Any CPU
		{7C60A96C-47EA-4D9A-94E3-8DA03E51DB88}.Release|Any CPU.ActiveCfg = Release|Any CPU
		{7C60A96C-47EA-4D9A-94E3-8DA03E51DB88}.Release|Any CPU.Build.0 = Release|Any CPU
		{3DAD2074-F383-4A3E-BE4E-DBFEB87CCFCD}.Debug|Any CPU.ActiveCfg = Debug|Any CPU
		{3DAD2074-F383-4A3E-BE4E-DBFEB87CCFCD}.Debug|Any CPU.Build.0 = Debug|Any CPU
		{3DAD2074-F383-4A3E-BE4E-DBFEB87CCFCD}.Release|Any CPU.ActiveCfg = Release|Any CPU
		{3DAD2074-F383-4A3E-BE4E-DBFEB87CCFCD}.Release|Any CPU.Build.0 = Release|Any CPU
		{1E9ACBBC-4535-4024-B042-B4B0B1ADAF82}.Debug|Any CPU.ActiveCfg = Debug|Any CPU
		{1E9ACBBC-4535-4024-B042-B4B0B1ADAF82}.Debug|Any CPU.Build.0 = Debug|Any CPU
		{1E9ACBBC-4535-4024-B042-B4B0B1ADAF82}.Release|Any CPU.ActiveCfg = Release|Any CPU
		{1E9ACBBC-4535-4024-B042-B4B0B1ADAF82}.Release|Any CPU.Build.0 = Release|Any CPU
		{76E2D6C6-732E-4DE8-8400-7B73801E85FC}.Debug|Any CPU.ActiveCfg = Debug|Any CPU
		{76E2D6C6-732E-4DE8-8400-7B73801E85FC}.Debug|Any CPU.Build.0 = Debug|Any CPU
		{76E2D6C6-732E-4DE8-8400-7B73801E85FC}.Release|Any CPU.ActiveCfg = Release|Any CPU
		{76E2D6C6-732E-4DE8-8400-7B73801E85FC}.Release|Any CPU.Build.0 = Release|Any CPU
	EndGlobalSection
	GlobalSection(SolutionProperties) = preSolution
		HideSolutionNode = FALSE
	EndGlobalSection
	GlobalSection(NestedProjects) = preSolution
		{95A58203-460A-4633-8431-925AF28BF257} = {13EB51D5-EC12-4148-A299-845BB80B7D15}
		{164FA9EB-6D17-4127-93B3-7E52841F8BBE} = {1E0628A1-FD8C-4438-8DFD-959377762CBD}
		{7C60A96C-47EA-4D9A-94E3-8DA03E51DB88} = {13EB51D5-EC12-4148-A299-845BB80B7D15}
		{3DAD2074-F383-4A3E-BE4E-DBFEB87CCFCD} = {D03020B9-A479-4FD2-9321-5CC5D09B7618}
		{1E9ACBBC-4535-4024-B042-B4B0B1ADAF82} = {9A71D85A-3ED4-42D9-BE28-73C61CB55509}
		{76E2D6C6-732E-4DE8-8400-7B73801E85FC} = {13EB51D5-EC12-4148-A299-845BB80B7D15}
	EndGlobalSection
	GlobalSection(ExtensibilityGlobals) = postSolution
		SolutionGuid = {3041E43B-19BA-4B32-9BB1-59E40C9BDFFC}
	EndGlobalSection
EndGlobal
